
Microsoft Visual Studio Solution File, Format Version 12.00
# Visual Studio Version 17
VisualStudioVersion = 17.11.35327.3
MinimumVisualStudioVersion = 10.0.40219.1
Project("{FAE04EC0-301F-11D3-BF4B-00C04F79EFBC}") = "CadParcial2CVALL", "CadParcial2CVALL\CadParcial2CVALL.csproj", "{B97CE9B6-7041-47B6-AAB0-2DD1DB14C934}"
EndProject
Project("{FAE04EC0-301F-11D3-BF4B-00C04F79EFBC}") = "ClnParcial2CVALL", "ClnParcial2CVALL\ClnParcial2CVALL.csproj", "{6554BABA-2F17-45A7-A804-034987D28C71}"
EndProject
Project("{FAE04EC0-301F-11D3-BF4B-00C04F79EFBC}") = "CpParcial2CVALL", "CpParcial2CVALL\CpParcial2CVALL.csproj", "{F2F0EFFE-5591-4BFB-B27D-7CA5F55EED53}"
EndProject
Global
	GlobalSection(SolutionConfigurationPlatforms) = preSolution
		Debug|Any CPU = Debug|Any CPU
		Release|Any CPU = Release|Any CPU
	EndGlobalSection
	GlobalSection(ProjectConfigurationPlatforms) = postSolution
		{B97CE9B6-7041-47B6-AAB0-2DD1DB14C934}.Debug|Any CPU.ActiveCfg = Debug|Any CPU
		{B97CE9B6-7041-47B6-AAB0-2DD1DB14C934}.Debug|Any CPU.Build.0 = Debug|Any CPU
		{B97CE9B6-7041-47B6-AAB0-2DD1DB14C934}.Release|Any CPU.ActiveCfg = Release|Any CPU
		{B97CE9B6-7041-47B6-AAB0-2DD1DB14C934}.Release|Any CPU.Build.0 = Release|Any CPU
		{6554BABA-2F17-45A7-A804-034987D28C71}.Debug|Any CPU.ActiveCfg = Debug|Any CPU
		{6554BABA-2F17-45A7-A804-034987D28C71}.Debug|Any CPU.Build.0 = Debug|Any CPU
		{6554BABA-2F17-45A7-A804-034987D28C71}.Release|Any CPU.ActiveCfg = Release|Any CPU
		{6554BABA-2F17-45A7-A804-034987D28C71}.Release|Any CPU.Build.0 = Release|Any CPU
		{F2F0EFFE-5591-4BFB-B27D-7CA5F55EED53}.Debug|Any CPU.ActiveCfg = Debug|Any CPU
		{F2F0EFFE-5591-4BFB-B27D-7CA5F55EED53}.Debug|Any CPU.Build.0 = Debug|Any CPU
		{F2F0EFFE-5591-4BFB-B27D-7CA5F55EED53}.Release|Any CPU.ActiveCfg = Release|Any CPU
		{F2F0EFFE-5591-4BFB-B27D-7CA5F55EED53}.Release|Any CPU.Build.0 = Release|Any CPU
	EndGlobalSection
	GlobalSection(SolutionProperties) = preSolution
		HideSolutionNode = FALSE
	EndGlobalSection
	GlobalSection(ExtensibilityGlobals) = postSolution
		SolutionGuid = {C0487653-CD0E-4569-96EB-FAAC87367EF7}
	EndGlobalSection
EndGlobal
